
Microsoft Visual Studio Solution File, Format Version 12.00
# Visual Studio Version 17
VisualStudioVersion = 17.14.36109.1 d17.14
MinimumVisualStudioVersion = 10.0.40219.1
Project("{FAE04EC0-301F-11D3-BF4B-00C04F79EFBC}") = "joystick_input_building_block", "joystick_input_building_block.csproj", "{51E1444C-948B-4CFC-BDA7-0F53D50C37F5}"
EndProject
Global
	GlobalSection(SolutionConfigurationPlatforms) = preSolution
		Debug|Any CPU = Debug|Any CPU
		Release|Any CPU = Release|Any CPU
	EndGlobalSection
	GlobalSection(ProjectConfigurationPlatforms) = postSolution
		{51E1444C-948B-4CFC-BDA7-0F53D50C37F5}.Debug|Any CPU.ActiveCfg = Debug|Any CPU
		{51E1444C-948B-4CFC-BDA7-0F53D50C37F5}.Debug|Any CPU.Build.0 = Debug|Any CPU
		{51E1444C-948B-4CFC-BDA7-0F53D50C37F5}.Release|Any CPU.ActiveCfg = Release|Any CPU
		{51E1444C-948B-4CFC-BDA7-0F53D50C37F5}.Release|Any CPU.Build.0 = Release|Any CPU
	EndGlobalSection
	GlobalSection(SolutionProperties) = preSolution
		HideSolutionNode = FALSE
	EndGlobalSection
	GlobalSection(ExtensibilityGlobals) = postSolution
		SolutionGuid = {4852C027-2C94-4AA9-B5FB-D7B635C094C6}
	EndGlobalSection
EndGlobal
